
Microsoft Visual Studio Solution File, Format Version 12.00
# Visual Studio Version 16
VisualStudioVersion = 16.0.29102.190
MinimumVisualStudioVersion = 10.0.40219.1
Project("{9A19103F-16F7-4668-BE54-9A1E7A4F7556}") = "WebOcr", "WebOcr\WebOcr.csproj", "{FA4F21D2-8FEF-4116-9C18-352860A6281E}"
EndProject
Project("{9A19103F-16F7-4668-BE54-9A1E7A4F7556}") = "Tesseract", "tesseract\Tesseract.csproj", "{4255432C-FA93-4C47-9238-3B328AC30006}"
EndProject
Global
	GlobalSection(SolutionConfigurationPlatforms) = preSolution
		Debug|Any CPU = Debug|Any CPU
		Release|Any CPU = Release|Any CPU
	EndGlobalSection
	GlobalSection(ProjectConfigurationPlatforms) = postSolution
		{FA4F21D2-8FEF-4116-9C18-352860A6281E}.Debug|Any CPU.ActiveCfg = Debug|Any CPU
		{FA4F21D2-8FEF-4116-9C18-352860A6281E}.Debug|Any CPU.Build.0 = Debug|Any CPU
		{FA4F21D2-8FEF-4116-9C18-352860A6281E}.Release|Any CPU.ActiveCfg = Release|Any CPU
		{FA4F21D2-8FEF-4116-9C18-352860A6281E}.Release|Any CPU.Build.0 = Release|Any CPU
		{4255432C-FA93-4C47-9238-3B328AC30006}.Debug|Any CPU.ActiveCfg = Debug|Any CPU
		{4255432C-FA93-4C47-9238-3B328AC30006}.Debug|Any CPU.Build.0 = Debug|Any CPU
		{4255432C-FA93-4C47-9238-3B328AC30006}.Release|Any CPU.ActiveCfg = Release|Any CPU
		{4255432C-FA93-4C47-9238-3B328AC30006}.Release|Any CPU.Build.0 = Release|Any CPU
	EndGlobalSection
	GlobalSection(SolutionProperties) = preSolution
		HideSolutionNode = FALSE
	EndGlobalSection
	GlobalSection(ExtensibilityGlobals) = postSolution
		SolutionGuid = {264AD189-14F4-4DCB-B8FD-DC931B6E53FF}
	EndGlobalSection
EndGlobal
